
Microsoft Visual Studio Solution File, Format Version 12.00
# Visual Studio Version 16
VisualStudioVersion = 16.0.30011.22
MinimumVisualStudioVersion = 10.0.40219.1
Project("{FAE04EC0-301F-11D3-BF4B-00C04F79EFBC}") = "app_combustivel", "app_combustivel\app_combustivel.csproj", "{05A7A613-E043-4311-9343-E51301355B61}"
EndProject
Global
	GlobalSection(SolutionConfigurationPlatforms) = preSolution
		Debug|Any CPU = Debug|Any CPU
		Release|Any CPU = Release|Any CPU
	EndGlobalSection
	GlobalSection(ProjectConfigurationPlatforms) = postSolution
		{05A7A613-E043-4311-9343-E51301355B61}.Debug|Any CPU.ActiveCfg = Debug|Any CPU
		{05A7A613-E043-4311-9343-E51301355B61}.Debug|Any CPU.Build.0 = Debug|Any CPU
		{05A7A613-E043-4311-9343-E51301355B61}.Release|Any CPU.ActiveCfg = Release|Any CPU
		{05A7A613-E043-4311-9343-E51301355B61}.Release|Any CPU.Build.0 = Release|Any CPU
	EndGlobalSection
	GlobalSection(SolutionProperties) = preSolution
		HideSolutionNode = FALSE
	EndGlobalSection
	GlobalSection(ExtensibilityGlobals) = postSolution
		SolutionGuid = {61B339F4-BF79-40CE-9AB0-86AF05044235}
	EndGlobalSection
EndGlobal
